
Microsoft Visual Studio Solution File, Format Version 12.00
# Visual Studio Version 17
VisualStudioVersion = 17.0.31903.59
MinimumVisualStudioVersion = 10.0.40219.1
Project("{9A19103F-16F7-4668-BE54-9A1E7A4F7556}") = "AdaptiveWeather", "AdaptiveWeather\AdaptiveWeather.csproj", "{D79DF8D4-9671-4BFD-8906-902B9929B309}"
EndProject
Project("{9A19103F-16F7-4668-BE54-9A1E7A4F7556}") = "WeatherReasoning", "WeatherReasoning\WeatherReasoning.csproj", "{A4F0B26D-02FC-420C-8732-D322A7DC2B97}"
EndProject
Project("{9A19103F-16F7-4668-BE54-9A1E7A4F7556}") = "Database", "Database\Database.csproj", "{1174F803-4A95-4921-82B1-5A1882E6B706}"
EndProject
Project("{FAE04EC0-301F-11D3-BF4B-00C04F79EFBC}") = "DatabaseInterface", "DatabaseInterface\DatabaseInterface.csproj", "{1657D0EA-CCB7-4153-8F40-9EAD377DB0E3}"
EndProject
Global
	GlobalSection(SolutionConfigurationPlatforms) = preSolution
		Debug|Any CPU = Debug|Any CPU
		Release|Any CPU = Release|Any CPU
	EndGlobalSection
	GlobalSection(ProjectConfigurationPlatforms) = postSolution
		{D79DF8D4-9671-4BFD-8906-902B9929B309}.Debug|Any CPU.ActiveCfg = Debug|Any CPU
		{D79DF8D4-9671-4BFD-8906-902B9929B309}.Debug|Any CPU.Build.0 = Debug|Any CPU
		{D79DF8D4-9671-4BFD-8906-902B9929B309}.Release|Any CPU.ActiveCfg = Release|Any CPU
		{D79DF8D4-9671-4BFD-8906-902B9929B309}.Release|Any CPU.Build.0 = Release|Any CPU
		{A4F0B26D-02FC-420C-8732-D322A7DC2B97}.Debug|Any CPU.ActiveCfg = Debug|Any CPU
		{A4F0B26D-02FC-420C-8732-D322A7DC2B97}.Debug|Any CPU.Build.0 = Debug|Any CPU
		{A4F0B26D-02FC-420C-8732-D322A7DC2B97}.Release|Any CPU.ActiveCfg = Release|Any CPU
		{A4F0B26D-02FC-420C-8732-D322A7DC2B97}.Release|Any CPU.Build.0 = Release|Any CPU
		{1174F803-4A95-4921-82B1-5A1882E6B706}.Debug|Any CPU.ActiveCfg = Debug|Any CPU
		{1174F803-4A95-4921-82B1-5A1882E6B706}.Debug|Any CPU.Build.0 = Debug|Any CPU
		{1174F803-4A95-4921-82B1-5A1882E6B706}.Release|Any CPU.ActiveCfg = Release|Any CPU
		{1174F803-4A95-4921-82B1-5A1882E6B706}.Release|Any CPU.Build.0 = Release|Any CPU
		{1657D0EA-CCB7-4153-8F40-9EAD377DB0E3}.Debug|Any CPU.ActiveCfg = Debug|Any CPU
		{1657D0EA-CCB7-4153-8F40-9EAD377DB0E3}.Debug|Any CPU.Build.0 = Debug|Any CPU
		{1657D0EA-CCB7-4153-8F40-9EAD377DB0E3}.Release|Any CPU.ActiveCfg = Release|Any CPU
		{1657D0EA-CCB7-4153-8F40-9EAD377DB0E3}.Release|Any CPU.Build.0 = Release|Any CPU
	EndGlobalSection
	GlobalSection(SolutionProperties) = preSolution
		HideSolutionNode = FALSE
	EndGlobalSection
	GlobalSection(ExtensibilityGlobals) = postSolution
		SolutionGuid = {558305C2-32C7-4138-9D12-8E985315F6A0}
	EndGlobalSection
EndGlobal
