
Microsoft Visual Studio Solution File, Format Version 12.00
# Visual Studio Version 16
VisualStudioVersion = 16.0.32126.315
MinimumVisualStudioVersion = 10.0.40219.1
Project("{FAE04EC0-301F-11D3-BF4B-00C04F79EFBC}") = "adaptiveWeather", "adaptiveWeather\adaptiveWeather.csproj", "{7B161E40-8929-44D2-844A-6342CB4574AD}"
EndProject
Project("{FAE04EC0-301F-11D3-BF4B-00C04F79EFBC}") = "securityComponent", "securityComponent\securityComponent.csproj", "{89EDB5BF-1216-4DA6-81C7-DD8E0F011FD5}"
EndProject
Global
	GlobalSection(SolutionConfigurationPlatforms) = preSolution
		Debug|Any CPU = Debug|Any CPU
		Release|Any CPU = Release|Any CPU
	EndGlobalSection
	GlobalSection(ProjectConfigurationPlatforms) = postSolution
		{7B161E40-8929-44D2-844A-6342CB4574AD}.Debug|Any CPU.ActiveCfg = Debug|Any CPU
		{7B161E40-8929-44D2-844A-6342CB4574AD}.Debug|Any CPU.Build.0 = Debug|Any CPU
		{7B161E40-8929-44D2-844A-6342CB4574AD}.Release|Any CPU.ActiveCfg = Release|Any CPU
		{7B161E40-8929-44D2-844A-6342CB4574AD}.Release|Any CPU.Build.0 = Release|Any CPU
		{89EDB5BF-1216-4DA6-81C7-DD8E0F011FD5}.Debug|Any CPU.ActiveCfg = Debug|Any CPU
		{89EDB5BF-1216-4DA6-81C7-DD8E0F011FD5}.Debug|Any CPU.Build.0 = Debug|Any CPU
		{89EDB5BF-1216-4DA6-81C7-DD8E0F011FD5}.Release|Any CPU.ActiveCfg = Release|Any CPU
		{89EDB5BF-1216-4DA6-81C7-DD8E0F011FD5}.Release|Any CPU.Build.0 = Release|Any CPU
	EndGlobalSection
	GlobalSection(SolutionProperties) = preSolution
		HideSolutionNode = FALSE
	EndGlobalSection
	GlobalSection(ExtensibilityGlobals) = postSolution
		SolutionGuid = {195D30BC-6822-4E78-B364-422B44721491}
	EndGlobalSection
EndGlobal
